
Microsoft Visual Studio Solution File, Format Version 12.00
# Visual Studio Version 17
VisualStudioVersion = 17.4.33403.182
MinimumVisualStudioVersion = 10.0.40219.1
Project("{8BC9CEB8-8B4A-11D0-8D11-00A0C91BC942}") = "Ones_1", "Ones_1\Ones_1.vcxproj", "{45B87323-671F-4D93-A2E3-AAFC2F920DAF}"
EndProject
Global
	GlobalSection(SolutionConfigurationPlatforms) = preSolution
		Debug|x64 = Debug|x64
		Debug|x86 = Debug|x86
		Release|x64 = Release|x64
		Release|x86 = Release|x86
	EndGlobalSection
	GlobalSection(ProjectConfigurationPlatforms) = postSolution
		{45B87323-671F-4D93-A2E3-AAFC2F920DAF}.Debug|x64.ActiveCfg = Debug|x64
		{45B87323-671F-4D93-A2E3-AAFC2F920DAF}.Debug|x64.Build.0 = Debug|x64
		{45B87323-671F-4D93-A2E3-AAFC2F920DAF}.Debug|x86.ActiveCfg = Debug|Win32
		{45B87323-671F-4D93-A2E3-AAFC2F920DAF}.Debug|x86.Build.0 = Debug|Win32
		{45B87323-671F-4D93-A2E3-AAFC2F920DAF}.Release|x64.ActiveCfg = Release|x64
		{45B87323-671F-4D93-A2E3-AAFC2F920DAF}.Release|x64.Build.0 = Release|x64
		{45B87323-671F-4D93-A2E3-AAFC2F920DAF}.Release|x86.ActiveCfg = Release|Win32
		{45B87323-671F-4D93-A2E3-AAFC2F920DAF}.Release|x86.Build.0 = Release|Win32
	EndGlobalSection
	GlobalSection(SolutionProperties) = preSolution
		HideSolutionNode = FALSE
	EndGlobalSection
	GlobalSection(ExtensibilityGlobals) = postSolution
		SolutionGuid = {8A0DD9A9-1AE0-4A6D-B1D5-199C6CE48D72}
	EndGlobalSection
EndGlobal
